
Microsoft Visual Studio Solution File, Format Version 12.00
# Visual Studio Version 16
VisualStudioVersion = 16.0.30523.141
MinimumVisualStudioVersion = 10.0.40219.1
Project("{FAE04EC0-301F-11D3-BF4B-00C04F79EFBC}") = "Hotel", "Hotel.csproj", "{CCEE4571-0D61-4038-BC82-ACB4A4CEAB6D}"
EndProject
Global
	GlobalSection(SolutionConfigurationPlatforms) = preSolution
		Debug|Any CPU = Debug|Any CPU
		Release|Any CPU = Release|Any CPU
	EndGlobalSection
	GlobalSection(ProjectConfigurationPlatforms) = postSolution
		{CCEE4571-0D61-4038-BC82-ACB4A4CEAB6D}.Debug|Any CPU.ActiveCfg = Debug|Any CPU
		{CCEE4571-0D61-4038-BC82-ACB4A4CEAB6D}.Debug|Any CPU.Build.0 = Debug|Any CPU
		{CCEE4571-0D61-4038-BC82-ACB4A4CEAB6D}.Release|Any CPU.ActiveCfg = Release|Any CPU
		{CCEE4571-0D61-4038-BC82-ACB4A4CEAB6D}.Release|Any CPU.Build.0 = Release|Any CPU
	EndGlobalSection
	GlobalSection(SolutionProperties) = preSolution
		HideSolutionNode = FALSE
	EndGlobalSection
	GlobalSection(ExtensibilityGlobals) = postSolution
		SolutionGuid = {A87DD0FC-DD4D-48B6-A907-D900C8502A52}
	EndGlobalSection
EndGlobal
