
Microsoft Visual Studio Solution File, Format Version 12.00
# Visual Studio Version 17
VisualStudioVersion = 17.2.32616.157
MinimumVisualStudioVersion = 10.0.40219.1
Project("{FAE04EC0-301F-11D3-BF4B-00C04F79EFBC}") = "WindowsFormsApp1", "WindowsFormsApp1\WindowsFormsApp1.csproj", "{B015BEBE-61F6-4CB7-9521-F6D8A0EFA2F9}"
EndProject
Global
	GlobalSection(SolutionConfigurationPlatforms) = preSolution
		Debug|Any CPU = Debug|Any CPU
		Release|Any CPU = Release|Any CPU
	EndGlobalSection
	GlobalSection(ProjectConfigurationPlatforms) = postSolution
		{B015BEBE-61F6-4CB7-9521-F6D8A0EFA2F9}.Debug|Any CPU.ActiveCfg = Debug|Any CPU
		{B015BEBE-61F6-4CB7-9521-F6D8A0EFA2F9}.Debug|Any CPU.Build.0 = Debug|Any CPU
		{B015BEBE-61F6-4CB7-9521-F6D8A0EFA2F9}.Release|Any CPU.ActiveCfg = Release|Any CPU
		{B015BEBE-61F6-4CB7-9521-F6D8A0EFA2F9}.Release|Any CPU.Build.0 = Release|Any CPU
	EndGlobalSection
	GlobalSection(SolutionProperties) = preSolution
		HideSolutionNode = FALSE
	EndGlobalSection
	GlobalSection(ExtensibilityGlobals) = postSolution
		SolutionGuid = {90BF39B6-323C-4133-B809-D74FABE0759C}
	EndGlobalSection
EndGlobal
