
Microsoft Visual Studio Solution File, Format Version 12.00
# Visual Studio Version 16
VisualStudioVersion = 16.0.30523.141
MinimumVisualStudioVersion = 10.0.40219.1
Project("{FAE04EC0-301F-11D3-BF4B-00C04F79EFBC}") = "MV_P_Exam", "MV_P_Exam.csproj", "{C3C8759E-1978-48E6-92DE-118172FEAF9A}"
EndProject
Global
	GlobalSection(SolutionConfigurationPlatforms) = preSolution
		Debug|Any CPU = Debug|Any CPU
		Release|Any CPU = Release|Any CPU
	EndGlobalSection
	GlobalSection(ProjectConfigurationPlatforms) = postSolution
		{C3C8759E-1978-48E6-92DE-118172FEAF9A}.Debug|Any CPU.ActiveCfg = Debug|Any CPU
		{C3C8759E-1978-48E6-92DE-118172FEAF9A}.Debug|Any CPU.Build.0 = Debug|Any CPU
		{C3C8759E-1978-48E6-92DE-118172FEAF9A}.Release|Any CPU.ActiveCfg = Release|Any CPU
		{C3C8759E-1978-48E6-92DE-118172FEAF9A}.Release|Any CPU.Build.0 = Release|Any CPU
	EndGlobalSection
	GlobalSection(SolutionProperties) = preSolution
		HideSolutionNode = FALSE
	EndGlobalSection
	GlobalSection(ExtensibilityGlobals) = postSolution
		SolutionGuid = {2E6CE621-3417-4905-B627-300DBB912A93}
	EndGlobalSection
EndGlobal
